
Microsoft Visual Studio Solution File, Format Version 12.00
# Visual Studio 15
VisualStudioVersion = 15.0.28307.572
MinimumVisualStudioVersion = 10.0.40219.1
Project("{8BC9CEB8-8B4A-11D0-8D11-00A0C91BC942}") = "PaddleCLR", "PaddleCLR\PaddleCLR.vcxproj", "{49FB9BED-CF7F-4AD6-A005-5CDB2A5C9A68}"
	ProjectSection(ProjectDependencies) = postProject
		{48D4CE69-00F7-4EAC-95D6-0B20736261C0} = {48D4CE69-00F7-4EAC-95D6-0B20736261C0}
	EndProjectSection
EndProject
Project("{FAE04EC0-301F-11D3-BF4B-00C04F79EFBC}") = "PaddleWrapper", "..\PaddleWrapper\PaddleWrapper\PaddleWrapper.csproj", "{48D4CE69-00F7-4EAC-95D6-0B20736261C0}"
EndProject
Global
	GlobalSection(SolutionConfigurationPlatforms) = preSolution
		Debug|Any CPU = Debug|Any CPU
		Debug|x64 = Debug|x64
		Debug|x86 = Debug|x86
		Release|Any CPU = Release|Any CPU
		Release|x64 = Release|x64
		Release|x86 = Release|x86
	EndGlobalSection
	GlobalSection(ProjectConfigurationPlatforms) = postSolution
		{49FB9BED-CF7F-4AD6-A005-5CDB2A5C9A68}.Debug|Any CPU.ActiveCfg = Debug|Win32
		{49FB9BED-CF7F-4AD6-A005-5CDB2A5C9A68}.Debug|x64.ActiveCfg = Debug|x64
		{49FB9BED-CF7F-4AD6-A005-5CDB2A5C9A68}.Debug|x64.Build.0 = Debug|x64
		{49FB9BED-CF7F-4AD6-A005-5CDB2A5C9A68}.Debug|x86.ActiveCfg = Debug|Win32
		{49FB9BED-CF7F-4AD6-A005-5CDB2A5C9A68}.Debug|x86.Build.0 = Debug|Win32
		{49FB9BED-CF7F-4AD6-A005-5CDB2A5C9A68}.Release|Any CPU.ActiveCfg = Release|Win32
		{49FB9BED-CF7F-4AD6-A005-5CDB2A5C9A68}.Release|x64.ActiveCfg = Release|x64
		{49FB9BED-CF7F-4AD6-A005-5CDB2A5C9A68}.Release|x64.Build.0 = Release|x64
		{49FB9BED-CF7F-4AD6-A005-5CDB2A5C9A68}.Release|x86.ActiveCfg = Release|Win32
		{49FB9BED-CF7F-4AD6-A005-5CDB2A5C9A68}.Release|x86.Build.0 = Release|Win32
		{48D4CE69-00F7-4EAC-95D6-0B20736261C0}.Debug|Any CPU.ActiveCfg = Debug|x86
		{48D4CE69-00F7-4EAC-95D6-0B20736261C0}.Debug|x64.ActiveCfg = Debug|x64
		{48D4CE69-00F7-4EAC-95D6-0B20736261C0}.Debug|x64.Build.0 = Debug|x64
		{48D4CE69-00F7-4EAC-95D6-0B20736261C0}.Debug|x86.ActiveCfg = Debug|x86
		{48D4CE69-00F7-4EAC-95D6-0B20736261C0}.Debug|x86.Build.0 = Debug|x86
		{48D4CE69-00F7-4EAC-95D6-0B20736261C0}.Release|Any CPU.ActiveCfg = Release|x86
		{48D4CE69-00F7-4EAC-95D6-0B20736261C0}.Release|x64.ActiveCfg = Release|x64
		{48D4CE69-00F7-4EAC-95D6-0B20736261C0}.Release|x64.Build.0 = Release|x64
		{48D4CE69-00F7-4EAC-95D6-0B20736261C0}.Release|x86.ActiveCfg = Release|x86
		{48D4CE69-00F7-4EAC-95D6-0B20736261C0}.Release|x86.Build.0 = Release|x86
	EndGlobalSection
	GlobalSection(SolutionProperties) = preSolution
		HideSolutionNode = FALSE
	EndGlobalSection
	GlobalSection(ExtensibilityGlobals) = postSolution
		SolutionGuid = {DB6C6C3E-D90B-4ACD-B7D8-906245A26202}
	EndGlobalSection
EndGlobal
